
Microsoft Visual Studio Solution File, Format Version 12.00
# Visual Studio Version 17
VisualStudioVersion = 17.0.31912.275
MinimumVisualStudioVersion = 10.0.40219.1
Project("{FAE04EC0-301F-11D3-BF4B-00C04F79EFBC}") = "FileSystem", "FileSystem\FileSystem.csproj", "{DAD2C303-4A2F-4578-B807-545B6FF1CBFC}"
EndProject
Global
	GlobalSection(SolutionConfigurationPlatforms) = preSolution
		Debug|Any CPU = Debug|Any CPU
		Release|Any CPU = Release|Any CPU
	EndGlobalSection
	GlobalSection(ProjectConfigurationPlatforms) = postSolution
		{DAD2C303-4A2F-4578-B807-545B6FF1CBFC}.Debug|Any CPU.ActiveCfg = Debug|Any CPU
		{DAD2C303-4A2F-4578-B807-545B6FF1CBFC}.Debug|Any CPU.Build.0 = Debug|Any CPU
		{DAD2C303-4A2F-4578-B807-545B6FF1CBFC}.Release|Any CPU.ActiveCfg = Release|Any CPU
		{DAD2C303-4A2F-4578-B807-545B6FF1CBFC}.Release|Any CPU.Build.0 = Release|Any CPU
	EndGlobalSection
	GlobalSection(SolutionProperties) = preSolution
		HideSolutionNode = FALSE
	EndGlobalSection
	GlobalSection(ExtensibilityGlobals) = postSolution
		SolutionGuid = {FAB408A6-5D39-463E-A612-4CE07848F209}
	EndGlobalSection
EndGlobal
