
Microsoft Visual Studio Solution File, Format Version 12.00
# Visual Studio Version 17
VisualStudioVersion = 17.0.31912.275
MinimumVisualStudioVersion = 10.0.40219.1
Project("{FAE04EC0-301F-11D3-BF4B-00C04F79EFBC}") = "StandardLibrary", "StandardLibrary\StandardLibrary.csproj", "{1B88420B-5803-4043-AE00-93F462AECC7F}"
EndProject
Global
	GlobalSection(SolutionConfigurationPlatforms) = preSolution
		Debug|Any CPU = Debug|Any CPU
		Release|Any CPU = Release|Any CPU
	EndGlobalSection
	GlobalSection(ProjectConfigurationPlatforms) = postSolution
		{1B88420B-5803-4043-AE00-93F462AECC7F}.Debug|Any CPU.ActiveCfg = Debug|Any CPU
		{1B88420B-5803-4043-AE00-93F462AECC7F}.Debug|Any CPU.Build.0 = Debug|Any CPU
		{1B88420B-5803-4043-AE00-93F462AECC7F}.Release|Any CPU.ActiveCfg = Release|Any CPU
		{1B88420B-5803-4043-AE00-93F462AECC7F}.Release|Any CPU.Build.0 = Release|Any CPU
	EndGlobalSection
	GlobalSection(SolutionProperties) = preSolution
		HideSolutionNode = FALSE
	EndGlobalSection
	GlobalSection(ExtensibilityGlobals) = postSolution
		SolutionGuid = {C9C5252E-531B-478B-B809-DE76E9AB8797}
	EndGlobalSection
EndGlobal
