
Microsoft Visual Studio Solution File, Format Version 12.00
# Visual Studio Version 17
VisualStudioVersion = 17.0.31912.275
MinimumVisualStudioVersion = 10.0.40219.1
Project("{FAE04EC0-301F-11D3-BF4B-00C04F79EFBC}") = "FileSystemWithTests", "FileSystemWithTests\FileSystemWithTests.csproj", "{996D5E49-A04B-4844-A80F-E3C2D9DA0603}"
EndProject
Project("{FAE04EC0-301F-11D3-BF4B-00C04F79EFBC}") = "FileSystemTests", "FileSystemTests\FileSystemTests.csproj", "{5E941ED3-0F89-4023-8A19-1D54C6BEE5B3}"
EndProject
Global
	GlobalSection(SolutionConfigurationPlatforms) = preSolution
		Debug|Any CPU = Debug|Any CPU
		Release|Any CPU = Release|Any CPU
	EndGlobalSection
	GlobalSection(ProjectConfigurationPlatforms) = postSolution
		{996D5E49-A04B-4844-A80F-E3C2D9DA0603}.Debug|Any CPU.ActiveCfg = Debug|Any CPU
		{996D5E49-A04B-4844-A80F-E3C2D9DA0603}.Debug|Any CPU.Build.0 = Debug|Any CPU
		{996D5E49-A04B-4844-A80F-E3C2D9DA0603}.Release|Any CPU.ActiveCfg = Release|Any CPU
		{996D5E49-A04B-4844-A80F-E3C2D9DA0603}.Release|Any CPU.Build.0 = Release|Any CPU
		{5E941ED3-0F89-4023-8A19-1D54C6BEE5B3}.Debug|Any CPU.ActiveCfg = Debug|Any CPU
		{5E941ED3-0F89-4023-8A19-1D54C6BEE5B3}.Debug|Any CPU.Build.0 = Debug|Any CPU
		{5E941ED3-0F89-4023-8A19-1D54C6BEE5B3}.Release|Any CPU.ActiveCfg = Release|Any CPU
		{5E941ED3-0F89-4023-8A19-1D54C6BEE5B3}.Release|Any CPU.Build.0 = Release|Any CPU
	EndGlobalSection
	GlobalSection(SolutionProperties) = preSolution
		HideSolutionNode = FALSE
	EndGlobalSection
	GlobalSection(ExtensibilityGlobals) = postSolution
		SolutionGuid = {B0B62D51-24D4-470C-B281-C0878F4CCDB0}
	EndGlobalSection
EndGlobal
