
Microsoft Visual Studio Solution File, Format Version 12.00
# Visual Studio Version 17
VisualStudioVersion = 17.0.31912.275
MinimumVisualStudioVersion = 10.0.40219.1
Project("{9A19103F-16F7-4668-BE54-9A1E7A4F7556}") = "BinarySerialization", "Serializer\BinarySerialization.csproj", "{E447D251-4C76-4EAB-892E-B36936F5310B}"
EndProject
Project("{9A19103F-16F7-4668-BE54-9A1E7A4F7556}") = "XMLSerialization", "XMLSerialization\XMLSerialization.csproj", "{0628350D-D902-4A51-B049-67411306FF64}"
EndProject
Project("{9A19103F-16F7-4668-BE54-9A1E7A4F7556}") = "JsonSerialization", "JsonSerialization\JsonSerialization.csproj", "{16C834F1-5FC4-41D2-9934-02F8AF6A38E1}"
EndProject
Project("{FAE04EC0-301F-11D3-BF4B-00C04F79EFBC}") = "ISerializableSerialization", "ISerializableSerialization\ISerializableSerialization.csproj", "{6E612A0A-D4CC-4FC6-B819-D817FC4F7433}"
EndProject
Global
	GlobalSection(SolutionConfigurationPlatforms) = preSolution
		Debug|Any CPU = Debug|Any CPU
		Release|Any CPU = Release|Any CPU
	EndGlobalSection
	GlobalSection(ProjectConfigurationPlatforms) = postSolution
		{E447D251-4C76-4EAB-892E-B36936F5310B}.Debug|Any CPU.ActiveCfg = Debug|Any CPU
		{E447D251-4C76-4EAB-892E-B36936F5310B}.Debug|Any CPU.Build.0 = Debug|Any CPU
		{E447D251-4C76-4EAB-892E-B36936F5310B}.Release|Any CPU.ActiveCfg = Release|Any CPU
		{E447D251-4C76-4EAB-892E-B36936F5310B}.Release|Any CPU.Build.0 = Release|Any CPU
		{0628350D-D902-4A51-B049-67411306FF64}.Debug|Any CPU.ActiveCfg = Debug|Any CPU
		{0628350D-D902-4A51-B049-67411306FF64}.Debug|Any CPU.Build.0 = Debug|Any CPU
		{0628350D-D902-4A51-B049-67411306FF64}.Release|Any CPU.ActiveCfg = Release|Any CPU
		{0628350D-D902-4A51-B049-67411306FF64}.Release|Any CPU.Build.0 = Release|Any CPU
		{16C834F1-5FC4-41D2-9934-02F8AF6A38E1}.Debug|Any CPU.ActiveCfg = Debug|Any CPU
		{16C834F1-5FC4-41D2-9934-02F8AF6A38E1}.Debug|Any CPU.Build.0 = Debug|Any CPU
		{16C834F1-5FC4-41D2-9934-02F8AF6A38E1}.Release|Any CPU.ActiveCfg = Release|Any CPU
		{16C834F1-5FC4-41D2-9934-02F8AF6A38E1}.Release|Any CPU.Build.0 = Release|Any CPU
		{6E612A0A-D4CC-4FC6-B819-D817FC4F7433}.Debug|Any CPU.ActiveCfg = Debug|Any CPU
		{6E612A0A-D4CC-4FC6-B819-D817FC4F7433}.Debug|Any CPU.Build.0 = Debug|Any CPU
		{6E612A0A-D4CC-4FC6-B819-D817FC4F7433}.Release|Any CPU.ActiveCfg = Release|Any CPU
		{6E612A0A-D4CC-4FC6-B819-D817FC4F7433}.Release|Any CPU.Build.0 = Release|Any CPU
	EndGlobalSection
	GlobalSection(SolutionProperties) = preSolution
		HideSolutionNode = FALSE
	EndGlobalSection
	GlobalSection(ExtensibilityGlobals) = postSolution
		SolutionGuid = {FE4491A2-7676-4DCE-9B2F-4059C5901932}
	EndGlobalSection
EndGlobal
