
Microsoft Visual Studio Solution File, Format Version 12.00
# Visual Studio Version 16
VisualStudioVersion = 16.0.31729.503
MinimumVisualStudioVersion = 10.0.40219.1
Project("{00D1A9C2-B5F0-4AF3-8072-F6C62B433612}") = "SqlDb", "SqlDb\SqlDb.sqlproj", "{5C9E6E83-52B0-47E6-8BA4-CBFCE086B4C3}"
EndProject
Global
	GlobalSection(SolutionConfigurationPlatforms) = preSolution
		Debug|Any CPU = Debug|Any CPU
		Release|Any CPU = Release|Any CPU
	EndGlobalSection
	GlobalSection(ProjectConfigurationPlatforms) = postSolution
		{5C9E6E83-52B0-47E6-8BA4-CBFCE086B4C3}.Debug|Any CPU.ActiveCfg = Debug|Any CPU
		{5C9E6E83-52B0-47E6-8BA4-CBFCE086B4C3}.Debug|Any CPU.Build.0 = Debug|Any CPU
		{5C9E6E83-52B0-47E6-8BA4-CBFCE086B4C3}.Debug|Any CPU.Deploy.0 = Debug|Any CPU
		{5C9E6E83-52B0-47E6-8BA4-CBFCE086B4C3}.Release|Any CPU.ActiveCfg = Release|Any CPU
		{5C9E6E83-52B0-47E6-8BA4-CBFCE086B4C3}.Release|Any CPU.Build.0 = Release|Any CPU
		{5C9E6E83-52B0-47E6-8BA4-CBFCE086B4C3}.Release|Any CPU.Deploy.0 = Release|Any CPU
	EndGlobalSection
	GlobalSection(SolutionProperties) = preSolution
		HideSolutionNode = FALSE
	EndGlobalSection
	GlobalSection(ExtensibilityGlobals) = postSolution
		SolutionGuid = {E88FC37A-4C73-4629-B528-4451AC0A903F}
	EndGlobalSection
EndGlobal
