
Microsoft Visual Studio Solution File, Format Version 12.00
# Visual Studio Version 17
VisualStudioVersion = 17.0.31912.275
MinimumVisualStudioVersion = 10.0.40219.1
Project("{FAE04EC0-301F-11D3-BF4B-00C04F79EFBC}") = "Dictonary replacer", "Dictonary replacer\Dictonary replacer.csproj", "{5B98B440-2C66-47F1-B9C8-34EBA1082A39}"
EndProject
Project("{FAE04EC0-301F-11D3-BF4B-00C04F79EFBC}") = "DictionaryReplacerTests", "DictionaryReplacerTests\DictionaryReplacerTests.csproj", "{91E93B71-88D0-4959-9728-CA3A3F82F126}"
EndProject
Global
	GlobalSection(SolutionConfigurationPlatforms) = preSolution
		Debug|Any CPU = Debug|Any CPU
		Release|Any CPU = Release|Any CPU
	EndGlobalSection
	GlobalSection(ProjectConfigurationPlatforms) = postSolution
		{5B98B440-2C66-47F1-B9C8-34EBA1082A39}.Debug|Any CPU.ActiveCfg = Debug|Any CPU
		{5B98B440-2C66-47F1-B9C8-34EBA1082A39}.Debug|Any CPU.Build.0 = Debug|Any CPU
		{5B98B440-2C66-47F1-B9C8-34EBA1082A39}.Release|Any CPU.ActiveCfg = Release|Any CPU
		{5B98B440-2C66-47F1-B9C8-34EBA1082A39}.Release|Any CPU.Build.0 = Release|Any CPU
		{91E93B71-88D0-4959-9728-CA3A3F82F126}.Debug|Any CPU.ActiveCfg = Debug|Any CPU
		{91E93B71-88D0-4959-9728-CA3A3F82F126}.Debug|Any CPU.Build.0 = Debug|Any CPU
		{91E93B71-88D0-4959-9728-CA3A3F82F126}.Release|Any CPU.ActiveCfg = Release|Any CPU
		{91E93B71-88D0-4959-9728-CA3A3F82F126}.Release|Any CPU.Build.0 = Release|Any CPU
	EndGlobalSection
	GlobalSection(SolutionProperties) = preSolution
		HideSolutionNode = FALSE
	EndGlobalSection
	GlobalSection(ExtensibilityGlobals) = postSolution
		SolutionGuid = {CB5317A3-FBBE-4FBF-86D6-172AF5ED683A}
	EndGlobalSection
EndGlobal
